// !$*UTF8*$!
{
	archiveVersion = 1;
	classes = {
	};
	objectVersion = 51;
	objects = {

/* Begin PBXBuildFile section */
		0D6580FFD4973B214CCB9858 /* Pods_BitValueTests.framework in Frameworks */ = {isa = PBXBuildFile; fileRef = 516C6A7524078DCBD2C94A2A /* Pods_BitValueTests.framework */; };
		5C37D011239833A300ED5000 /* AppDelegate.swift in Sources */ = {isa = PBXBuildFile; fileRef = 5C37D010239833A300ED5000 /* AppDelegate.swift */; };
		5C37D013239833A300ED5000 /* SceneDelegate.swift in Sources */ = {isa = PBXBuildFile; fileRef = 5C37D012239833A300ED5000 /* SceneDelegate.swift */; };
		5C37D01A239833A500ED5000 /* Assets.xcassets in Resources */ = {isa = PBXBuildFile; fileRef = 5C37D019239833A500ED5000 /* Assets.xcassets */; };
		5C37D01D239833A500ED5000 /* LaunchScreen.storyboard in Resources */ = {isa = PBXBuildFile; fileRef = 5C37D01B239833A500ED5000 /* LaunchScreen.storyboard */; };
		5C70CF96239A780400CE2E27 /* MarketPricesChartTableViewCell.swift in Sources */ = {isa = PBXBuildFile; fileRef = 5C70CF94239A780400CE2E27 /* MarketPricesChartTableViewCell.swift */; };
		5C70CF97239A780400CE2E27 /* MarketPricesChartTableViewCell.xib in Resources */ = {isa = PBXBuildFile; fileRef = 5C70CF95239A780400CE2E27 /* MarketPricesChartTableViewCell.xib */; };
		5C77B53D239C05030066DBE4 /* PriceDBController.swift in Sources */ = {isa = PBXBuildFile; fileRef = 5C77B53C239C05030066DBE4 /* PriceDBController.swift */; };
		5C77B540239C09D90066DBE4 /* PriceDBControllerTests.swift in Sources */ = {isa = PBXBuildFile; fileRef = 5C77B53F239C09D90066DBE4 /* PriceDBControllerTests.swift */; };
		5C77B542239C16690066DBE4 /* MarketPricesViewModel.swift in Sources */ = {isa = PBXBuildFile; fileRef = 5C77B541239C16690066DBE4 /* MarketPricesViewModel.swift */; };
		5C790868239C9114005707E4 /* UIViewControllerExtensions.swift in Sources */ = {isa = PBXBuildFile; fileRef = 5C790867239C9114005707E4 /* UIViewControllerExtensions.swift */; };
		5C79086A239C95C8005707E4 /* MarketPrices.swift in Sources */ = {isa = PBXBuildFile; fileRef = 5C790869239C95C8005707E4 /* MarketPrices.swift */; };
		5C79086C239C9675005707E4 /* Price.swift in Sources */ = {isa = PBXBuildFile; fileRef = 5C79086B239C9675005707E4 /* Price.swift */; };
		5C790871239CB5D4005707E4 /* AlertViewModel.swift in Sources */ = {isa = PBXBuildFile; fileRef = 5C790870239CB5D4005707E4 /* AlertViewModel.swift */; };
		5C790873239CBBE9005707E4 /* PriceDBTests.swift in Sources */ = {isa = PBXBuildFile; fileRef = 5C790872239CBBE9005707E4 /* PriceDBTests.swift */; };
		5C790875239CBEFC005707E4 /* PriceViewModelTests.swift in Sources */ = {isa = PBXBuildFile; fileRef = 5C790874239CBEFC005707E4 /* PriceViewModelTests.swift */; };
		5C790877239CCA0D005707E4 /* URLSession+DataTaskPublisherExtensions.swift in Sources */ = {isa = PBXBuildFile; fileRef = 5C790876239CCA0D005707E4 /* URLSession+DataTaskPublisherExtensions.swift */; };
		5C790879239CCBEF005707E4 /* MarketPricesAPI.swift in Sources */ = {isa = PBXBuildFile; fileRef = 5C790878239CCBEF005707E4 /* MarketPricesAPI.swift */; };
		5CA87E282399CFBC003B20C7 /* PriceTableViewCell.swift in Sources */ = {isa = PBXBuildFile; fileRef = 5CA87E262399CFBC003B20C7 /* PriceTableViewCell.swift */; };
		5CA87E292399CFBC003B20C7 /* PriceTableViewCell.xib in Resources */ = {isa = PBXBuildFile; fileRef = 5CA87E272399CFBC003B20C7 /* PriceTableViewCell.xib */; };
		5CA87E302399D2FC003B20C7 /* MarketPricesTableViewController.swift in Sources */ = {isa = PBXBuildFile; fileRef = 5CA87E2E2399D2FC003B20C7 /* MarketPricesTableViewController.swift */; };
		5CA87E332399D531003B20C7 /* PriceViewModel.swift in Sources */ = {isa = PBXBuildFile; fileRef = 5CA87E322399D531003B20C7 /* PriceViewModel.swift */; };
		5CA87E362399DD61003B20C7 /* UITableViewCellExtension.swift in Sources */ = {isa = PBXBuildFile; fileRef = 5CA87E352399DD61003B20C7 /* UITableViewCellExtension.swift */; };
		5CA87E3A2399DED8003B20C7 /* HighlightedPriceTableViewCell.swift in Sources */ = {isa = PBXBuildFile; fileRef = 5CA87E382399DED8003B20C7 /* HighlightedPriceTableViewCell.swift */; };
		5CA87E3B2399DED8003B20C7 /* HighlightedPriceTableViewCell.xib in Resources */ = {isa = PBXBuildFile; fileRef = 5CA87E392399DED8003B20C7 /* HighlightedPriceTableViewCell.xib */; };
		5CA87E412399E350003B20C7 /* UIColorExtension.swift in Sources */ = {isa = PBXBuildFile; fileRef = 5CA87E402399E350003B20C7 /* UIColorExtension.swift */; };
		5CA87E432399F0D2003B20C7 /* BaseTableViewCell.swift in Sources */ = {isa = PBXBuildFile; fileRef = 5CA87E422399F0D2003B20C7 /* BaseTableViewCell.swift */; };
		5CEE281B239B4434006C6673 /* PriceValueFormatter.swift in Sources */ = {isa = PBXBuildFile; fileRef = 5CEE281A239B4434006C6673 /* PriceValueFormatter.swift */; };
		5CEE281E239B4470006C6673 /* DateValueFormatter.swift in Sources */ = {isa = PBXBuildFile; fileRef = 5CEE281D239B4470006C6673 /* DateValueFormatter.swift */; };
		5CEE2823239B72C9006C6673 /* PriceDB.swift in Sources */ = {isa = PBXBuildFile; fileRef = 5CEE2822239B72C9006C6673 /* PriceDB.swift */; };
		B62B8D9F8BE537E975ED7E78 /* Pods_BitValue.framework in Frameworks */ = {isa = PBXBuildFile; fileRef = A611BDA3F3F8ABA14CA19FBE /* Pods_BitValue.framework */; };
/* End PBXBuildFile section */

/* Begin PBXContainerItemProxy section */
		5C37D024239833A500ED5000 /* PBXContainerItemProxy */ = {
			isa = PBXContainerItemProxy;
			containerPortal = 5C37D005239833A300ED5000 /* Project object */;
			proxyType = 1;
			remoteGlobalIDString = 5C37D00C239833A300ED5000;
			remoteInfo = BitValue;
		};
/* End PBXContainerItemProxy section */

/* Begin PBXFileReference section */
		3619E5EA0DB16556F65F5738 /* Pods-BitValue.release.xcconfig */ = {isa = PBXFileReference; includeInIndex = 1; lastKnownFileType = text.xcconfig; name = "Pods-BitValue.release.xcconfig"; path = "Target Support Files/Pods-BitValue/Pods-BitValue.release.xcconfig"; sourceTree = "<group>"; };
		516C6A7524078DCBD2C94A2A /* Pods_BitValueTests.framework */ = {isa = PBXFileReference; explicitFileType = wrapper.framework; includeInIndex = 0; path = Pods_BitValueTests.framework; sourceTree = BUILT_PRODUCTS_DIR; };
		52C5C5FD04C4C80C9BFD67FC /* Pods-BitValue.debug.xcconfig */ = {isa = PBXFileReference; includeInIndex = 1; lastKnownFileType = text.xcconfig; name = "Pods-BitValue.debug.xcconfig"; path = "Target Support Files/Pods-BitValue/Pods-BitValue.debug.xcconfig"; sourceTree = "<group>"; };
		5C37D00D239833A300ED5000 /* BitValue.app */ = {isa = PBXFileReference; explicitFileType = wrapper.application; includeInIndex = 0; path = BitValue.app; sourceTree = BUILT_PRODUCTS_DIR; };
		5C37D010239833A300ED5000 /* AppDelegate.swift */ = {isa = PBXFileReference; lastKnownFileType = sourcecode.swift; path = AppDelegate.swift; sourceTree = "<group>"; };
		5C37D012239833A300ED5000 /* SceneDelegate.swift */ = {isa = PBXFileReference; lastKnownFileType = sourcecode.swift; path = SceneDelegate.swift; sourceTree = "<group>"; };
		5C37D019239833A500ED5000 /* Assets.xcassets */ = {isa = PBXFileReference; lastKnownFileType = folder.assetcatalog; path = Assets.xcassets; sourceTree = "<group>"; };
		5C37D01C239833A500ED5000 /* Base */ = {isa = PBXFileReference; lastKnownFileType = file.storyboard; name = Base; path = Base.lproj/LaunchScreen.storyboard; sourceTree = "<group>"; };
		5C37D01E239833A500ED5000 /* Info.plist */ = {isa = PBXFileReference; lastKnownFileType = text.plist.xml; path = Info.plist; sourceTree = "<group>"; };
		5C37D023239833A500ED5000 /* BitValueTests.xctest */ = {isa = PBXFileReference; explicitFileType = wrapper.cfbundle; includeInIndex = 0; path = BitValueTests.xctest; sourceTree = BUILT_PRODUCTS_DIR; };
		5C37D029239833A500ED5000 /* Info.plist */ = {isa = PBXFileReference; lastKnownFileType = text.plist.xml; path = Info.plist; sourceTree = "<group>"; };
		5C70CF94239A780400CE2E27 /* MarketPricesChartTableViewCell.swift */ = {isa = PBXFileReference; lastKnownFileType = sourcecode.swift; path = MarketPricesChartTableViewCell.swift; sourceTree = "<group>"; };
		5C70CF95239A780400CE2E27 /* MarketPricesChartTableViewCell.xib */ = {isa = PBXFileReference; lastKnownFileType = file.xib; path = MarketPricesChartTableViewCell.xib; sourceTree = "<group>"; };
		5C77B53C239C05030066DBE4 /* PriceDBController.swift */ = {isa = PBXFileReference; lastKnownFileType = sourcecode.swift; path = PriceDBController.swift; sourceTree = "<group>"; };
		5C77B53F239C09D90066DBE4 /* PriceDBControllerTests.swift */ = {isa = PBXFileReference; lastKnownFileType = sourcecode.swift; path = PriceDBControllerTests.swift; sourceTree = "<group>"; };
		5C77B541239C16690066DBE4 /* MarketPricesViewModel.swift */ = {isa = PBXFileReference; lastKnownFileType = sourcecode.swift; path = MarketPricesViewModel.swift; sourceTree = "<group>"; };
		5C790867239C9114005707E4 /* UIViewControllerExtensions.swift */ = {isa = PBXFileReference; lastKnownFileType = sourcecode.swift; path = UIViewControllerExtensions.swift; sourceTree = "<group>"; };
		5C790869239C95C8005707E4 /* MarketPrices.swift */ = {isa = PBXFileReference; lastKnownFileType = sourcecode.swift; path = MarketPrices.swift; sourceTree = "<group>"; };
		5C79086B239C9675005707E4 /* Price.swift */ = {isa = PBXFileReference; lastKnownFileType = sourcecode.swift; path = Price.swift; sourceTree = "<group>"; };
		5C790870239CB5D4005707E4 /* AlertViewModel.swift */ = {isa = PBXFileReference; lastKnownFileType = sourcecode.swift; path = AlertViewModel.swift; sourceTree = "<group>"; };
		5C790872239CBBE9005707E4 /* PriceDBTests.swift */ = {isa = PBXFileReference; lastKnownFileType = sourcecode.swift; path = PriceDBTests.swift; sourceTree = "<group>"; };
		5C790874239CBEFC005707E4 /* PriceViewModelTests.swift */ = {isa = PBXFileReference; lastKnownFileType = sourcecode.swift; path = PriceViewModelTests.swift; sourceTree = "<group>"; };
		5C790876239CCA0D005707E4 /* URLSession+DataTaskPublisherExtensions.swift */ = {isa = PBXFileReference; lastKnownFileType = sourcecode.swift; path = "URLSession+DataTaskPublisherExtensions.swift"; sourceTree = "<group>"; };
		5C790878239CCBEF005707E4 /* MarketPricesAPI.swift */ = {isa = PBXFileReference; lastKnownFileType = sourcecode.swift; path = MarketPricesAPI.swift; sourceTree = "<group>"; };
		5CA87E262399CFBC003B20C7 /* PriceTableViewCell.swift */ = {isa = PBXFileReference; lastKnownFileType = sourcecode.swift; path = PriceTableViewCell.swift; sourceTree = "<group>"; };
		5CA87E272399CFBC003B20C7 /* PriceTableViewCell.xib */ = {isa = PBXFileReference; lastKnownFileType = file.xib; path = PriceTableViewCell.xib; sourceTree = "<group>"; };
		5CA87E2E2399D2FC003B20C7 /* MarketPricesTableViewController.swift */ = {isa = PBXFileReference; lastKnownFileType = sourcecode.swift; path = MarketPricesTableViewController.swift; sourceTree = "<group>"; };
		5CA87E322399D531003B20C7 /* PriceViewModel.swift */ = {isa = PBXFileReference; lastKnownFileType = sourcecode.swift; path = PriceViewModel.swift; sourceTree = "<group>"; };
		5CA87E352399DD61003B20C7 /* UITableViewCellExtension.swift */ = {isa = PBXFileReference; lastKnownFileType = sourcecode.swift; path = UITableViewCellExtension.swift; sourceTree = "<group>"; };
		5CA87E382399DED8003B20C7 /* HighlightedPriceTableViewCell.swift */ = {isa = PBXFileReference; lastKnownFileType = sourcecode.swift; path = HighlightedPriceTableViewCell.swift; sourceTree = "<group>"; };
		5CA87E392399DED8003B20C7 /* HighlightedPriceTableViewCell.xib */ = {isa = PBXFileReference; lastKnownFileType = file.xib; path = HighlightedPriceTableViewCell.xib; sourceTree = "<group>"; };
		5CA87E402399E350003B20C7 /* UIColorExtension.swift */ = {isa = PBXFileReference; lastKnownFileType = sourcecode.swift; path = UIColorExtension.swift; sourceTree = "<group>"; };
		5CA87E422399F0D2003B20C7 /* BaseTableViewCell.swift */ = {isa = PBXFileReference; lastKnownFileType = sourcecode.swift; path = BaseTableViewCell.swift; sourceTree = "<group>"; };
		5CEE281A239B4434006C6673 /* PriceValueFormatter.swift */ = {isa = PBXFileReference; lastKnownFileType = sourcecode.swift; path = PriceValueFormatter.swift; sourceTree = "<group>"; };
		5CEE281D239B4470006C6673 /* DateValueFormatter.swift */ = {isa = PBXFileReference; lastKnownFileType = sourcecode.swift; path = DateValueFormatter.swift; sourceTree = "<group>"; };
		5CEE2822239B72C9006C6673 /* PriceDB.swift */ = {isa = PBXFileReference; lastKnownFileType = sourcecode.swift; path = PriceDB.swift; sourceTree = "<group>"; };
		66B1E98A820884554FCA3912 /* Pods-BitValueTests.debug.xcconfig */ = {isa = PBXFileReference; includeInIndex = 1; lastKnownFileType = text.xcconfig; name = "Pods-BitValueTests.debug.xcconfig"; path = "Target Support Files/Pods-BitValueTests/Pods-BitValueTests.debug.xcconfig"; sourceTree = "<group>"; };
		A611BDA3F3F8ABA14CA19FBE /* Pods_BitValue.framework */ = {isa = PBXFileReference; explicitFileType = wrapper.framework; includeInIndex = 0; path = Pods_BitValue.framework; sourceTree = BUILT_PRODUCTS_DIR; };
		C3D0E729716F999C88AB73A2 /* Pods-BitValueTests.release.xcconfig */ = {isa = PBXFileReference; includeInIndex = 1; lastKnownFileType = text.xcconfig; name = "Pods-BitValueTests.release.xcconfig"; path = "Target Support Files/Pods-BitValueTests/Pods-BitValueTests.release.xcconfig"; sourceTree = "<group>"; };
/* End PBXFileReference section */

/* Begin PBXFrameworksBuildPhase section */
		5C37D00A239833A300ED5000 /* Frameworks */ = {
			isa = PBXFrameworksBuildPhase;
			buildActionMask = 2147483647;
			files = (
				B62B8D9F8BE537E975ED7E78 /* Pods_BitValue.framework in Frameworks */,
			);
			runOnlyForDeploymentPostprocessing = 0;
		};
		5C37D020239833A500ED5000 /* Frameworks */ = {
			isa = PBXFrameworksBuildPhase;
			buildActionMask = 2147483647;
			files = (
				0D6580FFD4973B214CCB9858 /* Pods_BitValueTests.framework in Frameworks */,
			);
			runOnlyForDeploymentPostprocessing = 0;
		};
/* End PBXFrameworksBuildPhase section */

/* Begin PBXGroup section */
		04C6D0A017F1732849E9EC11 /* Pods */ = {
			isa = PBXGroup;
			children = (
				52C5C5FD04C4C80C9BFD67FC /* Pods-BitValue.debug.xcconfig */,
				3619E5EA0DB16556F65F5738 /* Pods-BitValue.release.xcconfig */,
				66B1E98A820884554FCA3912 /* Pods-BitValueTests.debug.xcconfig */,
				C3D0E729716F999C88AB73A2 /* Pods-BitValueTests.release.xcconfig */,
			);
			path = Pods;
			sourceTree = "<group>";
		};
		5C37D004239833A300ED5000 = {
			isa = PBXGroup;
			children = (
				5C37D00F239833A300ED5000 /* BitValue */,
				5C37D026239833A500ED5000 /* BitValueTests */,
				5C37D00E239833A300ED5000 /* Products */,
				04C6D0A017F1732849E9EC11 /* Pods */,
				B13DDB730E7A1286B20E60C3 /* Frameworks */,
			);
			sourceTree = "<group>";
		};
		5C37D00E239833A300ED5000 /* Products */ = {
			isa = PBXGroup;
			children = (
				5C37D00D239833A300ED5000 /* BitValue.app */,
				5C37D023239833A500ED5000 /* BitValueTests.xctest */,
			);
			name = Products;
			sourceTree = "<group>";
		};
		5C37D00F239833A300ED5000 /* BitValue */ = {
			isa = PBXGroup;
			children = (
				5C77B544239C16CD0066DBE4 /* util */,
				5CEE2821239B72A6006C6673 /* model */,
				5C77B543239C16AF0066DBE4 /* viewModels */,
				5CA87E3D2399DF0C003B20C7 /* views */,
				5C37D010239833A300ED5000 /* AppDelegate.swift */,
				5C37D012239833A300ED5000 /* SceneDelegate.swift */,
				5C37D019239833A500ED5000 /* Assets.xcassets */,
				5C37D01B239833A500ED5000 /* LaunchScreen.storyboard */,
				5C37D01E239833A500ED5000 /* Info.plist */,
			);
			path = BitValue;
			sourceTree = "<group>";
		};
		5C37D026239833A500ED5000 /* BitValueTests */ = {
			isa = PBXGroup;
			children = (
				5C790874239CBEFC005707E4 /* PriceViewModelTests.swift */,
				5C77B53F239C09D90066DBE4 /* PriceDBControllerTests.swift */,
				5C790872239CBBE9005707E4 /* PriceDBTests.swift */,
				5C37D029239833A500ED5000 /* Info.plist */,
			);
			path = BitValueTests;
			sourceTree = "<group>";
		};
		5C70CF8F239A771E00CE2E27 /* marketPricesChartCell */ = {
			isa = PBXGroup;
			children = (
				5C70CF94239A780400CE2E27 /* MarketPricesChartTableViewCell.swift */,
				5C70CF95239A780400CE2E27 /* MarketPricesChartTableViewCell.xib */,
			);
			path = marketPricesChartCell;
			sourceTree = "<group>";
		};
		5C77B543239C16AF0066DBE4 /* viewModels */ = {
			isa = PBXGroup;
			children = (
				5C77B541239C16690066DBE4 /* MarketPricesViewModel.swift */,
				5CA87E322399D531003B20C7 /* PriceViewModel.swift */,
				5C790870239CB5D4005707E4 /* AlertViewModel.swift */,
			);
			path = viewModels;
			sourceTree = "<group>";
		};
		5C77B544239C16CD0066DBE4 /* util */ = {
			isa = PBXGroup;
			children = (
				5CA87E3C2399DEFD003B20C7 /* extensions */,
				5CEE281C239B4455006C6673 /* chartFormatters */,
			);
			path = util;
			sourceTree = "<group>";
		};
		5C79086D239C967D005707E4 /* db */ = {
			isa = PBXGroup;
			children = (
				5C77B53C239C05030066DBE4 /* PriceDBController.swift */,
				5CEE2822239B72C9006C6673 /* PriceDB.swift */,
			);
			path = db;
			sourceTree = "<group>";
		};
		5C79086E239C9683005707E4 /* api */ = {
			isa = PBXGroup;
			children = (
				5C790878239CCBEF005707E4 /* MarketPricesAPI.swift */,
				5C790869239C95C8005707E4 /* MarketPrices.swift */,
				5C79086B239C9675005707E4 /* Price.swift */,
			);
			path = api;
			sourceTree = "<group>";
		};
		5CA87E202399CCC4003B20C7 /* priceCell */ = {
			isa = PBXGroup;
			children = (
				5CA87E262399CFBC003B20C7 /* PriceTableViewCell.swift */,
				5CA87E272399CFBC003B20C7 /* PriceTableViewCell.xib */,
			);
			path = priceCell;
			sourceTree = "<group>";
		};
		5CA87E372399DE33003B20C7 /* highlightedPriceCell */ = {
			isa = PBXGroup;
			children = (
				5CA87E382399DED8003B20C7 /* HighlightedPriceTableViewCell.swift */,
				5CA87E392399DED8003B20C7 /* HighlightedPriceTableViewCell.xib */,
			);
			path = highlightedPriceCell;
			sourceTree = "<group>";
		};
		5CA87E3C2399DEFD003B20C7 /* extensions */ = {
			isa = PBXGroup;
			children = (
				5CA87E352399DD61003B20C7 /* UITableViewCellExtension.swift */,
				5CA87E402399E350003B20C7 /* UIColorExtension.swift */,
				5C790867239C9114005707E4 /* UIViewControllerExtensions.swift */,
				5C790876239CCA0D005707E4 /* URLSession+DataTaskPublisherExtensions.swift */,
			);
			path = extensions;
			sourceTree = "<group>";
		};
		5CA87E3D2399DF0C003B20C7 /* views */ = {
			isa = PBXGroup;
			children = (
				5CA87E422399F0D2003B20C7 /* BaseTableViewCell.swift */,
				5CA87E372399DE33003B20C7 /* highlightedPriceCell */,
				5C70CF8F239A771E00CE2E27 /* marketPricesChartCell */,
				5CA87E202399CCC4003B20C7 /* priceCell */,
				5CA87E2E2399D2FC003B20C7 /* MarketPricesTableViewController.swift */,
			);
			path = views;
			sourceTree = "<group>";
		};
		5CEE281C239B4455006C6673 /* chartFormatters */ = {
			isa = PBXGroup;
			children = (
				5CEE281A239B4434006C6673 /* PriceValueFormatter.swift */,
				5CEE281D239B4470006C6673 /* DateValueFormatter.swift */,
			);
			path = chartFormatters;
			sourceTree = "<group>";
		};
		5CEE2821239B72A6006C6673 /* model */ = {
			isa = PBXGroup;
			children = (
				5C79086E239C9683005707E4 /* api */,
				5C79086D239C967D005707E4 /* db */,
			);
			path = model;
			sourceTree = "<group>";
		};
		B13DDB730E7A1286B20E60C3 /* Frameworks */ = {
			isa = PBXGroup;
			children = (
				A611BDA3F3F8ABA14CA19FBE /* Pods_BitValue.framework */,
				516C6A7524078DCBD2C94A2A /* Pods_BitValueTests.framework */,
			);
			name = Frameworks;
			sourceTree = "<group>";
		};
/* End PBXGroup section */

/* Begin PBXNativeTarget section */
		5C37D00C239833A300ED5000 /* BitValue */ = {
			isa = PBXNativeTarget;
			buildConfigurationList = 5C37D02C239833A500ED5000 /* Build configuration list for PBXNativeTarget "BitValue" */;
			buildPhases = (
				4A544316AAE4BDEEB2790B5B /* [CP] Check Pods Manifest.lock */,
				5C37D009239833A300ED5000 /* Sources */,
				5C37D00A239833A300ED5000 /* Frameworks */,
				5C37D00B239833A300ED5000 /* Resources */,
				654EE73F6154188CC756258E /* [CP] Embed Pods Frameworks */,
				5CEE2825239BFE77006C6673 /* ShellScript */,
			);
			buildRules = (
			);
			dependencies = (
			);
			name = BitValue;
			productName = BitValue;
			productReference = 5C37D00D239833A300ED5000 /* BitValue.app */;
			productType = "com.apple.product-type.application";
		};
		5C37D022239833A500ED5000 /* BitValueTests */ = {
			isa = PBXNativeTarget;
			buildConfigurationList = 5C37D02F239833A500ED5000 /* Build configuration list for PBXNativeTarget "BitValueTests" */;
			buildPhases = (
				ECCC02B119028B9643C8783D /* [CP] Check Pods Manifest.lock */,
				5C37D01F239833A500ED5000 /* Sources */,
				5C37D020239833A500ED5000 /* Frameworks */,
				5C37D021239833A500ED5000 /* Resources */,
				025F0C1248EFFDE68A9A4BD2 /* [CP] Embed Pods Frameworks */,
			);
			buildRules = (
			);
			dependencies = (
				5C37D025239833A500ED5000 /* PBXTargetDependency */,
			);
			name = BitValueTests;
			productName = BitValueTests;
			productReference = 5C37D023239833A500ED5000 /* BitValueTests.xctest */;
			productType = "com.apple.product-type.bundle.unit-test";
		};
/* End PBXNativeTarget section */

/* Begin PBXProject section */
		5C37D005239833A300ED5000 /* Project object */ = {
			isa = PBXProject;
			attributes = {
				LastSwiftUpdateCheck = 1120;
				LastUpgradeCheck = 1120;
				ORGANIZATIONNAME = "Victor Pereira";
				TargetAttributes = {
					5C37D00C239833A300ED5000 = {
						CreatedOnToolsVersion = 11.2.1;
					};
					5C37D022239833A500ED5000 = {
						CreatedOnToolsVersion = 11.2.1;
						TestTargetID = 5C37D00C239833A300ED5000;
					};
				};
			};
			buildConfigurationList = 5C37D008239833A300ED5000 /* Build configuration list for PBXProject "BitValue" */;
			compatibilityVersion = "Xcode 9.3";
			developmentRegion = en;
			hasScannedForEncodings = 0;
			knownRegions = (
				en,
				Base,
			);
			mainGroup = 5C37D004239833A300ED5000;
			productRefGroup = 5C37D00E239833A300ED5000 /* Products */;
			projectDirPath = "";
			projectRoot = "";
			targets = (
				5C37D00C239833A300ED5000 /* BitValue */,
				5C37D022239833A500ED5000 /* BitValueTests */,
			);
		};
/* End PBXProject section */

/* Begin PBXResourcesBuildPhase section */
		5C37D00B239833A300ED5000 /* Resources */ = {
			isa = PBXResourcesBuildPhase;
			buildActionMask = 2147483647;
			files = (
				5CA87E292399CFBC003B20C7 /* PriceTableViewCell.xib in Resources */,
				5C37D01D239833A500ED5000 /* LaunchScreen.storyboard in Resources */,
				5C70CF97239A780400CE2E27 /* MarketPricesChartTableViewCell.xib in Resources */,
				5C37D01A239833A500ED5000 /* Assets.xcassets in Resources */,
				5CA87E3B2399DED8003B20C7 /* HighlightedPriceTableViewCell.xib in Resources */,
			);
			runOnlyForDeploymentPostprocessing = 0;
		};
		5C37D021239833A500ED5000 /* Resources */ = {
			isa = PBXResourcesBuildPhase;
			buildActionMask = 2147483647;
			files = (
			);
			runOnlyForDeploymentPostprocessing = 0;
		};
/* End PBXResourcesBuildPhase section */

/* Begin PBXShellScriptBuildPhase section */
		025F0C1248EFFDE68A9A4BD2 /* [CP] Embed Pods Frameworks */ = {
			isa = PBXShellScriptBuildPhase;
			buildActionMask = 2147483647;
			files = (
			);
			inputFileListPaths = (
				"${PODS_ROOT}/Target Support Files/Pods-BitValueTests/Pods-BitValueTests-frameworks-${CONFIGURATION}-input-files.xcfilelist",
			);
			name = "[CP] Embed Pods Frameworks";
			outputFileListPaths = (
				"${PODS_ROOT}/Target Support Files/Pods-BitValueTests/Pods-BitValueTests-frameworks-${CONFIGURATION}-output-files.xcfilelist",
			);
			runOnlyForDeploymentPostprocessing = 0;
			shellPath = /bin/sh;
			shellScript = "\"${PODS_ROOT}/Target Support Files/Pods-BitValueTests/Pods-BitValueTests-frameworks.sh\"\n";
			showEnvVarsInLog = 0;
		};
		4A544316AAE4BDEEB2790B5B /* [CP] Check Pods Manifest.lock */ = {
			isa = PBXShellScriptBuildPhase;
			buildActionMask = 2147483647;
			files = (
			);
			inputFileListPaths = (
			);
			inputPaths = (
				"${PODS_PODFILE_DIR_PATH}/Podfile.lock",
				"${PODS_ROOT}/Manifest.lock",
			);
			name = "[CP] Check Pods Manifest.lock";
			outputFileListPaths = (
			);
			outputPaths = (
				"$(DERIVED_FILE_DIR)/Pods-BitValue-checkManifestLockResult.txt",
			);
			runOnlyForDeploymentPostprocessing = 0;
			shellPath = /bin/sh;
			shellScript = "diff \"${PODS_PODFILE_DIR_PATH}/Podfile.lock\" \"${PODS_ROOT}/Manifest.lock\" > /dev/null\nif [ $? != 0 ] ; then\n    # print error to STDERR\n    echo \"error: The sandbox is not in sync with the Podfile.lock. Run 'pod install' or update your CocoaPods installation.\" >&2\n    exit 1\nfi\n# This output is used by Xcode 'outputs' to avoid re-running this script phase.\necho \"SUCCESS\" > \"${SCRIPT_OUTPUT_FILE_0}\"\n";
			showEnvVarsInLog = 0;
		};
		5CEE2825239BFE77006C6673 /* ShellScript */ = {
			isa = PBXShellScriptBuildPhase;
			buildActionMask = 2147483647;
			files = (
			);
			inputFileListPaths = (
			);
			inputPaths = (
			);
			outputFileListPaths = (
			);
			outputPaths = (
			);
			runOnlyForDeploymentPostprocessing = 0;
			shellPath = /bin/sh;
			shellScript = "${PODS_ROOT}/SwiftLint/swiftlint\n";
		};
		654EE73F6154188CC756258E /* [CP] Embed Pods Frameworks */ = {
			isa = PBXShellScriptBuildPhase;
			buildActionMask = 2147483647;
			files = (
			);
			inputFileListPaths = (
				"${PODS_ROOT}/Target Support Files/Pods-BitValue/Pods-BitValue-frameworks-${CONFIGURATION}-input-files.xcfilelist",
			);
			name = "[CP] Embed Pods Frameworks";
			outputFileListPaths = (
				"${PODS_ROOT}/Target Support Files/Pods-BitValue/Pods-BitValue-frameworks-${CONFIGURATION}-output-files.xcfilelist",
			);
			runOnlyForDeploymentPostprocessing = 0;
			shellPath = /bin/sh;
			shellScript = "\"${PODS_ROOT}/Target Support Files/Pods-BitValue/Pods-BitValue-frameworks.sh\"\n";
			showEnvVarsInLog = 0;
		};
		ECCC02B119028B9643C8783D /* [CP] Check Pods Manifest.lock */ = {
			isa = PBXShellScriptBuildPhase;
			buildActionMask = 2147483647;
			files = (
			);
			inputFileListPaths = (
			);
			inputPaths = (
				"${PODS_PODFILE_DIR_PATH}/Podfile.lock",
				"${PODS_ROOT}/Manifest.lock",
			);
			name = "[CP] Check Pods Manifest.lock";
			outputFileListPaths = (
			);
			outputPaths = (
				"$(DERIVED_FILE_DIR)/Pods-BitValueTests-checkManifestLockResult.txt",
			);
			runOnlyForDeploymentPostprocessing = 0;
			shellPath = /bin/sh;
			shellScript = "diff \"${PODS_PODFILE_DIR_PATH}/Podfile.lock\" \"${PODS_ROOT}/Manifest.lock\" > /dev/null\nif [ $? != 0 ] ; then\n    # print error to STDERR\n    echo \"error: The sandbox is not in sync with the Podfile.lock. Run 'pod install' or update your CocoaPods installation.\" >&2\n    exit 1\nfi\n# This output is used by Xcode 'outputs' to avoid re-running this script phase.\necho \"SUCCESS\" > \"${SCRIPT_OUTPUT_FILE_0}\"\n";
			showEnvVarsInLog = 0;
		};
/* End PBXShellScriptBuildPhase section */

/* Begin PBXSourcesBuildPhase section */
		5C37D009239833A300ED5000 /* Sources */ = {
			isa = PBXSourcesBuildPhase;
			buildActionMask = 2147483647;
			files = (
				5C790868239C9114005707E4 /* UIViewControllerExtensions.swift in Sources */,
				5C77B542239C16690066DBE4 /* MarketPricesViewModel.swift in Sources */,
				5C70CF96239A780400CE2E27 /* MarketPricesChartTableViewCell.swift in Sources */,
				5CA87E282399CFBC003B20C7 /* PriceTableViewCell.swift in Sources */,
				5C79086A239C95C8005707E4 /* MarketPrices.swift in Sources */,
				5C79086C239C9675005707E4 /* Price.swift in Sources */,
				5CEE281E239B4470006C6673 /* DateValueFormatter.swift in Sources */,
				5C77B53D239C05030066DBE4 /* PriceDBController.swift in Sources */,
				5CEE2823239B72C9006C6673 /* PriceDB.swift in Sources */,
				5CA87E3A2399DED8003B20C7 /* HighlightedPriceTableViewCell.swift in Sources */,
				5C790879239CCBEF005707E4 /* MarketPricesAPI.swift in Sources */,
				5CA87E302399D2FC003B20C7 /* MarketPricesTableViewController.swift in Sources */,
				5C790871239CB5D4005707E4 /* AlertViewModel.swift in Sources */,
				5C37D011239833A300ED5000 /* AppDelegate.swift in Sources */,
				5CA87E432399F0D2003B20C7 /* BaseTableViewCell.swift in Sources */,
				5CA87E412399E350003B20C7 /* UIColorExtension.swift in Sources */,
				5CA87E362399DD61003B20C7 /* UITableViewCellExtension.swift in Sources */,
				5C790877239CCA0D005707E4 /* URLSession+DataTaskPublisherExtensions.swift in Sources */,
				5CA87E332399D531003B20C7 /* PriceViewModel.swift in Sources */,
				5C37D013239833A300ED5000 /* SceneDelegate.swift in Sources */,
				5CEE281B239B4434006C6673 /* PriceValueFormatter.swift in Sources */,
			);
			runOnlyForDeploymentPostprocessing = 0;
		};
		5C37D01F239833A500ED5000 /* Sources */ = {
			isa = PBXSourcesBuildPhase;
			buildActionMask = 2147483647;
			files = (
				5C790875239CBEFC005707E4 /* PriceViewModelTests.swift in Sources */,
				5C77B540239C09D90066DBE4 /* PriceDBControllerTests.swift in Sources */,
				5C790873239CBBE9005707E4 /* PriceDBTests.swift in Sources */,
			);
			runOnlyForDeploymentPostprocessing = 0;
		};
/* End PBXSourcesBuildPhase section */

/* Begin PBXTargetDependency section */
		5C37D025239833A500ED5000 /* PBXTargetDependency */ = {
			isa = PBXTargetDependency;
			target = 5C37D00C239833A300ED5000 /* BitValue */;
			targetProxy = 5C37D024239833A500ED5000 /* PBXContainerItemProxy */;
		};
/* End PBXTargetDependency section */

/* Begin PBXVariantGroup section */
		5C37D01B239833A500ED5000 /* LaunchScreen.storyboard */ = {
			isa = PBXVariantGroup;
			children = (
				5C37D01C239833A500ED5000 /* Base */,
			);
			name = LaunchScreen.storyboard;
			sourceTree = "<group>";
		};
/* End PBXVariantGroup section */

/* Begin XCBuildConfiguration section */
		5C37D02A239833A500ED5000 /* Debug */ = {
			isa = XCBuildConfiguration;
			buildSettings = {
				ALWAYS_SEARCH_USER_PATHS = NO;
				CLANG_ANALYZER_NONNULL = YES;
				CLANG_ANALYZER_NUMBER_OBJECT_CONVERSION = YES_AGGRESSIVE;
				CLANG_CXX_LANGUAGE_STANDARD = "gnu++14";
				CLANG_CXX_LIBRARY = "libc++";
				CLANG_ENABLE_MODULES = YES;
				CLANG_ENABLE_OBJC_ARC = YES;
				CLANG_ENABLE_OBJC_WEAK = YES;
				CLANG_WARN_BLOCK_CAPTURE_AUTORELEASING = YES;
				CLANG_WARN_BOOL_CONVERSION = YES;
				CLANG_WARN_COMMA = YES;
				CLANG_WARN_CONSTANT_CONVERSION = YES;
				CLANG_WARN_DEPRECATED_OBJC_IMPLEMENTATIONS = YES;
				CLANG_WARN_DIRECT_OBJC_ISA_USAGE = YES_ERROR;
				CLANG_WARN_DOCUMENTATION_COMMENTS = YES;
				CLANG_WARN_EMPTY_BODY = YES;
				CLANG_WARN_ENUM_CONVERSION = YES;
				CLANG_WARN_INFINITE_RECURSION = YES;
				CLANG_WARN_INT_CONVERSION = YES;
				CLANG_WARN_NON_LITERAL_NULL_CONVERSION = YES;
				CLANG_WARN_OBJC_IMPLICIT_RETAIN_SELF = YES;
				CLANG_WARN_OBJC_LITERAL_CONVERSION = YES;
				CLANG_WARN_OBJC_ROOT_CLASS = YES_ERROR;
				CLANG_WARN_RANGE_LOOP_ANALYSIS = YES;
				CLANG_WARN_STRICT_PROTOTYPES = YES;
				CLANG_WARN_SUSPICIOUS_MOVE = YES;
				CLANG_WARN_UNGUARDED_AVAILABILITY = YES_AGGRESSIVE;
				CLANG_WARN_UNREACHABLE_CODE = YES;
				CLANG_WARN__DUPLICATE_METHOD_MATCH = YES;
				COPY_PHASE_STRIP = NO;
				DEBUG_INFORMATION_FORMAT = dwarf;
				ENABLE_STRICT_OBJC_MSGSEND = YES;
				ENABLE_TESTABILITY = YES;
				GCC_C_LANGUAGE_STANDARD = gnu11;
				GCC_DYNAMIC_NO_PIC = NO;
				GCC_NO_COMMON_BLOCKS = YES;
				GCC_OPTIMIZATION_LEVEL = 0;
				GCC_PREPROCESSOR_DEFINITIONS = (
					"DEBUG=1",
					"$(inherited)",
				);
				GCC_WARN_64_TO_32_BIT_CONVERSION = YES;
				GCC_WARN_ABOUT_RETURN_TYPE = YES_ERROR;
				GCC_WARN_UNDECLARED_SELECTOR = YES;
				GCC_WARN_UNINITIALIZED_AUTOS = YES_AGGRESSIVE;
				GCC_WARN_UNUSED_FUNCTION = YES;
				GCC_WARN_UNUSED_VARIABLE = YES;
				IPHONEOS_DEPLOYMENT_TARGET = 13.0;
				MTL_ENABLE_DEBUG_INFO = INCLUDE_SOURCE;
				MTL_FAST_MATH = YES;
				ONLY_ACTIVE_ARCH = YES;
				SDKROOT = iphoneos;
				SWIFT_ACTIVE_COMPILATION_CONDITIONS = DEBUG;
				SWIFT_OPTIMIZATION_LEVEL = "-Onone";
			};
			name = Debug;
		};
		5C37D02B239833A500ED5000 /* Release */ = {
			isa = XCBuildConfiguration;
			buildSettings = {
				ALWAYS_SEARCH_USER_PATHS = NO;
				CLANG_ANALYZER_NONNULL = YES;
				CLANG_ANALYZER_NUMBER_OBJECT_CONVERSION = YES_AGGRESSIVE;
				CLANG_CXX_LANGUAGE_STANDARD = "gnu++14";
				CLANG_CXX_LIBRARY = "libc++";
				CLANG_ENABLE_MODULES = YES;
				CLANG_ENABLE_OBJC_ARC = YES;
				CLANG_ENABLE_OBJC_WEAK = YES;
				CLANG_WARN_BLOCK_CAPTURE_AUTORELEASING = YES;
				CLANG_WARN_BOOL_CONVERSION = YES;
				CLANG_WARN_COMMA = YES;
				CLANG_WARN_CONSTANT_CONVERSION = YES;
				CLANG_WARN_DEPRECATED_OBJC_IMPLEMENTATIONS = YES;
				CLANG_WARN_DIRECT_OBJC_ISA_USAGE = YES_ERROR;
				CLANG_WARN_DOCUMENTATION_COMMENTS = YES;
				CLANG_WARN_EMPTY_BODY = YES;
				CLANG_WARN_ENUM_CONVERSION = YES;
				CLANG_WARN_INFINITE_RECURSION = YES;
				CLANG_WARN_INT_CONVERSION = YES;
				CLANG_WARN_NON_LITERAL_NULL_CONVERSION = YES;
				CLANG_WARN_OBJC_IMPLICIT_RETAIN_SELF = YES;
				CLANG_WARN_OBJC_LITERAL_CONVERSION = YES;
				CLANG_WARN_OBJC_ROOT_CLASS = YES_ERROR;
				CLANG_WARN_RANGE_LOOP_ANALYSIS = YES;
				CLANG_WARN_STRICT_PROTOTYPES = YES;
				CLANG_WARN_SUSPICIOUS_MOVE = YES;
				CLANG_WARN_UNGUARDED_AVAILABILITY = YES_AGGRESSIVE;
				CLANG_WARN_UNREACHABLE_CODE = YES;
				CLANG_WARN__DUPLICATE_METHOD_MATCH = YES;
				COPY_PHASE_STRIP = NO;
				DEBUG_INFORMATION_FORMAT = "dwarf-with-dsym";
				ENABLE_NS_ASSERTIONS = NO;
				ENABLE_STRICT_OBJC_MSGSEND = YES;
				GCC_C_LANGUAGE_STANDARD = gnu11;
				GCC_NO_COMMON_BLOCKS = YES;
				GCC_WARN_64_TO_32_BIT_CONVERSION = YES;
				GCC_WARN_ABOUT_RETURN_TYPE = YES_ERROR;
				GCC_WARN_UNDECLARED_SELECTOR = YES;
				GCC_WARN_UNINITIALIZED_AUTOS = YES_AGGRESSIVE;
				GCC_WARN_UNUSED_FUNCTION = YES;
				GCC_WARN_UNUSED_VARIABLE = YES;
				IPHONEOS_DEPLOYMENT_TARGET = 13.0;
				MTL_ENABLE_DEBUG_INFO = NO;
				MTL_FAST_MATH = YES;
				SDKROOT = iphoneos;
				SWIFT_COMPILATION_MODE = wholemodule;
				SWIFT_OPTIMIZATION_LEVEL = "-O";
				VALIDATE_PRODUCT = YES;
			};
			name = Release;
		};
		5C37D02D239833A500ED5000 /* Debug */ = {
			isa = XCBuildConfiguration;
			baseConfigurationReference = 52C5C5FD04C4C80C9BFD67FC /* Pods-BitValue.debug.xcconfig */;
			buildSettings = {
				ALWAYS_EMBED_SWIFT_STANDARD_LIBRARIES = "$(inherited)";
				ASSETCATALOG_COMPILER_APPICON_NAME = AppIcon;
				CODE_SIGN_STYLE = Automatic;
				DEVELOPMENT_TEAM = 8HG6PCH8MC;
				INFOPLIST_FILE = BitValue/Info.plist;
				LD_RUNPATH_SEARCH_PATHS = (
					"$(inherited)",
					"@executable_path/Frameworks",
				);
				PRODUCT_BUNDLE_IDENTIFIER = br.com.victorpereira.BitValue;
				PRODUCT_NAME = "$(TARGET_NAME)";
				SWIFT_VERSION = 5.0;
				TARGETED_DEVICE_FAMILY = 1;
			};
			name = Debug;
		};
		5C37D02E239833A500ED5000 /* Release */ = {
			isa = XCBuildConfiguration;
			baseConfigurationReference = 3619E5EA0DB16556F65F5738 /* Pods-BitValue.release.xcconfig */;
			buildSettings = {
				ALWAYS_EMBED_SWIFT_STANDARD_LIBRARIES = "$(inherited)";
				ASSETCATALOG_COMPILER_APPICON_NAME = AppIcon;
				CODE_SIGN_STYLE = Automatic;
				DEVELOPMENT_TEAM = 8HG6PCH8MC;
				INFOPLIST_FILE = BitValue/Info.plist;
				LD_RUNPATH_SEARCH_PATHS = (
					"$(inherited)",
					"@executable_path/Frameworks",
				);
				PRODUCT_BUNDLE_IDENTIFIER = br.com.victorpereira.BitValue;
				PRODUCT_NAME = "$(TARGET_NAME)";
				SWIFT_VERSION = 5.0;
				TARGETED_DEVICE_FAMILY = 1;
			};
			name = Release;
		};
		5C37D030239833A500ED5000 /* Debug */ = {
			isa = XCBuildConfiguration;
			baseConfigurationReference = 66B1E98A820884554FCA3912 /* Pods-BitValueTests.debug.xcconfig */;
			buildSettings = {
				ALWAYS_EMBED_SWIFT_STANDARD_LIBRARIES = "$(inherited)";
				BUNDLE_LOADER = "$(TEST_HOST)";
				CODE_SIGN_STYLE = Automatic;
				DEVELOPMENT_TEAM = 8HG6PCH8MC;
				INFOPLIST_FILE = BitValueTests/Info.plist;
				IPHONEOS_DEPLOYMENT_TARGET = 13.2;
				LD_RUNPATH_SEARCH_PATHS = (
					"$(inherited)",
					"@executable_path/Frameworks",
					"@loader_path/Frameworks",
				);
				PRODUCT_BUNDLE_IDENTIFIER = br.com.victorpereira.BitValueTests;
				PRODUCT_NAME = "$(TARGET_NAME)";
				SWIFT_VERSION = 5.0;
				TARGETED_DEVICE_FAMILY = "1,2";
				TEST_HOST = "$(BUILT_PRODUCTS_DIR)/BitValue.app/BitValue";
			};
			name = Debug;
		};
		5C37D031239833A500ED5000 /* Release */ = {
			isa = XCBuildConfiguration;
			baseConfigurationReference = C3D0E729716F999C88AB73A2 /* Pods-BitValueTests.release.xcconfig */;
			buildSettings = {
				ALWAYS_EMBED_SWIFT_STANDARD_LIBRARIES = "$(inherited)";
				BUNDLE_LOADER = "$(TEST_HOST)";
				CODE_SIGN_STYLE = Automatic;
				DEVELOPMENT_TEAM = 8HG6PCH8MC;
				INFOPLIST_FILE = BitValueTests/Info.plist;
				IPHONEOS_DEPLOYMENT_TARGET = 13.2;
				LD_RUNPATH_SEARCH_PATHS = (
					"$(inherited)",
					"@executable_path/Frameworks",
					"@loader_path/Frameworks",
				);
				PRODUCT_BUNDLE_IDENTIFIER = br.com.victorpereira.BitValueTests;
				PRODUCT_NAME = "$(TARGET_NAME)";
				SWIFT_VERSION = 5.0;
				TARGETED_DEVICE_FAMILY = "1,2";
				TEST_HOST = "$(BUILT_PRODUCTS_DIR)/BitValue.app/BitValue";
			};
			name = Release;
		};
/* End XCBuildConfiguration section */

/* Begin XCConfigurationList section */
		5C37D008239833A300ED5000 /* Build configuration list for PBXProject "BitValue" */ = {
			isa = XCConfigurationList;
			buildConfigurations = (
				5C37D02A239833A500ED5000 /* Debug */,
				5C37D02B239833A500ED5000 /* Release */,
			);
			defaultConfigurationIsVisible = 0;
			defaultConfigurationName = Release;
		};
		5C37D02C239833A500ED5000 /* Build configuration list for PBXNativeTarget "BitValue" */ = {
			isa = XCConfigurationList;
			buildConfigurations = (
				5C37D02D239833A500ED5000 /* Debug */,
				5C37D02E239833A500ED5000 /* Release */,
			);
			defaultConfigurationIsVisible = 0;
			defaultConfigurationName = Release;
		};
		5C37D02F239833A500ED5000 /* Build configuration list for PBXNativeTarget "BitValueTests" */ = {
			isa = XCConfigurationList;
			buildConfigurations = (
				5C37D030239833A500ED5000 /* Debug */,
				5C37D031239833A500ED5000 /* Release */,
			);
			defaultConfigurationIsVisible = 0;
			defaultConfigurationName = Release;
		};
/* End XCConfigurationList section */
	};
	rootObject = 5C37D005239833A300ED5000 /* Project object */;
}
